// !$*UTF8*$!
{
	archiveVersion = 1;
	classes = {
	};
	objectVersion = 77;
	objects = {

/* Begin PBXBuildFile section */
		09797B42081C75DD8111AC81 /* FlexFitWatchApp.swift in Sources */ = {isa = PBXBuildFile; fileRef = BDE244EABAB27E55AD05A15B /* FlexFitWatchApp.swift */; };
		0C088A3E170B2087CD85FFF8 /* MealPlanContext.swift in Sources */ = {isa = PBXBuildFile; fileRef = 43C15ECC659B71DC22022D64 /* MealPlanContext.swift */; };
		0C1403F4E879304A6772307B /* FlexFitApp.swift in Sources */ = {isa = PBXBuildFile; fileRef = B5DA19983009626E575050E3 /* FlexFitApp.swift */; };
		1026118F121AB7213DA796B0 /* FoodEntryRow.swift in Sources */ = {isa = PBXBuildFile; fileRef = F51C1524098F56B85D2C7D66 /* FoodEntryRow.swift */; };
		1110D95B8ABAB7E1A7BD0517 /* PlusJakartaSans-Medium.ttf in Resources */ = {isa = PBXBuildFile; fileRef = 9D064DE0FFDB27B579DB2C3E /* PlusJakartaSans-Medium.ttf */; };
		111101559BFED2445F60C78C /* EatView.swift in Sources */ = {isa = PBXBuildFile; fileRef = 441C3CB6AF6725289250EE3F /* EatView.swift */; };
		13AE1C3969B2497D1EDCF9B1 /* Entitlements.swift in Sources */ = {isa = PBXBuildFile; fileRef = DD80EB9503FC4DD0BD43F9A2 /* Entitlements.swift */; };
		18689C3AA0A93C6358F7857D /* DebugLaunch.swift in Sources */ = {isa = PBXBuildFile; fileRef = 52AB90510968BA28DD217767 /* DebugLaunch.swift */; };
		1D73F238E85080919D55BF13 /* HealthService.swift in Sources */ = {isa = PBXBuildFile; fileRef = 2B6C83EDD7050DCA664F2F90 /* HealthService.swift */; };
		2507973FA4348DF7FC55D63F /* AdaptSheet.swift in Sources */ = {isa = PBXBuildFile; fileRef = E624E2FD08A7E90A45EF47BD /* AdaptSheet.swift */; };
		2915FA92EE6711B16745B35B /* FlexFitWidgets.appex in Embed Foundation Extensions */ = {isa = PBXBuildFile; fileRef = C35435FF3ECD8F799B64EE0D /* FlexFitWidgets.appex */; settings = {ATTRIBUTES = (RemoveHeadersOnCopy, ); }; };
		2A828A4526D29BA228058DA5 /* BodyFigure.swift in Sources */ = {isa = PBXBuildFile; fileRef = 34CA0F1ED404AC0A8916A40F /* BodyFigure.swift */; };
		2BD3FEBFDD7BDBE98D3A8F71 /* TrainView.swift in Sources */ = {isa = PBXBuildFile; fileRef = 7DEFD7B7BF6FC2BE8CBA44DC /* TrainView.swift */; };
		2D02E058C3F3872366017EB9 /* FlexFitWidgets.swift in Sources */ = {isa = PBXBuildFile; fileRef = FFBC0F702FEDCA6B2E81FFD5 /* FlexFitWidgets.swift */; };
		329CCD5395EFE752A24ADADC /* PlanReadyView.swift in Sources */ = {isa = PBXBuildFile; fileRef = 1448D532A2C19586D41DEC06 /* PlanReadyView.swift */; };
		32CADF1ADBF6DF971D41A316 /* LegalPage.swift in Sources */ = {isa = PBXBuildFile; fileRef = A18078734DAFAE78B39BBA9A /* LegalPage.swift */; };
		34A99CE97E53260FCB162FF8 /* AppRouter.swift in Sources */ = {isa = PBXBuildFile; fileRef = 5379207C4CC1DC32084BA37D /* AppRouter.swift */; };
		3596F4ECD17404DB96E08863 /* ExerciseLibrary.swift in Sources */ = {isa = PBXBuildFile; fileRef = 33D895B8AC170F2E7BFEC971 /* ExerciseLibrary.swift */; };
		3839DC01FD6605745F3D45EB /* PlusJakartaSans-Bold.ttf in Resources */ = {isa = PBXBuildFile; fileRef = E9506EE4FD3888C933414077 /* PlusJakartaSans-Bold.ttf */; };
		40140CEAE2B36E533A73D33F /* PlusJakartaSans-Bold.ttf in Resources */ = {isa = PBXBuildFile; fileRef = E9506EE4FD3888C933414077 /* PlusJakartaSans-Bold.ttf */; };
		45028A2771833727EC6745D5 /* ProgressViews.swift in Sources */ = {isa = PBXBuildFile; fileRef = 4C7ADCC183B25E41B7F44BBD /* ProgressViews.swift */; };
		51D6359ABC7713024096DFFA /* Controls.swift in Sources */ = {isa = PBXBuildFile; fileRef = BFA2DB5D273E519402662ADE /* Controls.swift */; };
		52EA9B07BF806131FF94B0E0 /* OnboardingDraft.swift in Sources */ = {isa = PBXBuildFile; fileRef = F21784056B85AB72E023F29C /* OnboardingDraft.swift */; };
		53EF2A2BC5363334BE1B4EEE /* PaywallView.swift in Sources */ = {isa = PBXBuildFile; fileRef = C660C257864812C7BAC0EE0C /* PaywallView.swift */; };
		53F9F6C39F7FB13CCB48C532 /* SessionViews.swift in Sources */ = {isa = PBXBuildFile; fileRef = DEE552A8017C7561415DB1CB /* SessionViews.swift */; };
		54B03DAD1002ED29B7B9EDA5 /* StoreService.swift in Sources */ = {isa = PBXBuildFile; fileRef = F8E7FD5CC32E31E963BBBCC3 /* StoreService.swift */; };
		54E0944B4C4E17D43F63198C /* SettingsView.swift in Sources */ = {isa = PBXBuildFile; fileRef = D76AFFB8763AC53408C9A83C /* SettingsView.swift */; };
		59C21BCE89182BD84AEAB048 /* RootView.swift in Sources */ = {isa = PBXBuildFile; fileRef = 212D1DC0A572FAE9A427DEF5 /* RootView.swift */; };
		59CFD98A021C7C781BDED674 /* PlanResolver.swift in Sources */ = {isa = PBXBuildFile; fileRef = C1BA482AA556BE8A397B8372 /* PlanResolver.swift */; };
		5B83A1F0D60AB8F44EA8F329 /* TodayView.swift in Sources */ = {isa = PBXBuildFile; fileRef = 4EB65212CC71A46ADF0E587A /* TodayView.swift */; };
		607E4391A37857E05F798995 /* FlexFitEngine in Frameworks */ = {isa = PBXBuildFile; productRef = EAEAE83B1E6D7491CAF4B090 /* FlexFitEngine */; };
		6200FB36D835B41033BA4799 /* TargetsUpkeep.swift in Sources */ = {isa = PBXBuildFile; fileRef = 02A48BEFB13249F47C8E0D02 /* TargetsUpkeep.swift */; };
		621825F5C0BEE75A983248B6 /* WeighInSheet.swift in Sources */ = {isa = PBXBuildFile; fileRef = 84D234C2C2B000DCB10EAD88 /* WeighInSheet.swift */; };
		6672FCD2D55A0F9BF7FBC4B3 /* OFL.txt in Resources */ = {isa = PBXBuildFile; fileRef = EC1EFD33521403541F3E4344 /* OFL.txt */; };
		66D7438BE2CEB6C890A7420C /* MockChrome.swift in Sources */ = {isa = PBXBuildFile; fileRef = 299F3D8A98C5ED48E5CF3C8C /* MockChrome.swift */; };
		7795EDDA64F24CF5BE5F0009 /* FontRegistration.swift in Sources */ = {isa = PBXBuildFile; fileRef = FCF19C91501D2C123504332A /* FontRegistration.swift */; };
		7DD92D04CC33694A4AB6FC6E /* SwapSheet.swift in Sources */ = {isa = PBXBuildFile; fileRef = D1E50B85B5EFD34245E91357 /* SwapSheet.swift */; };
		7E440F94641721C30C1CD0B8 /* WatchPayload.swift in Sources */ = {isa = PBXBuildFile; fileRef = FCAAEA9319DBF622DD05990C /* WatchPayload.swift */; };
		847095BEA44C0C1E9B015E17 /* MuscleMap in Frameworks */ = {isa = PBXBuildFile; productRef = 9424E0162F85631750E60013 /* MuscleMap */; };
		8A8DF4FCD952E72D9247897E /* MealViews.swift in Sources */ = {isa = PBXBuildFile; fileRef = A4C881A91936EEA09A5BCC76 /* MealViews.swift */; };
		8C458478157B7C8C3E9DCBD7 /* RoadAndDays.swift in Sources */ = {isa = PBXBuildFile; fileRef = B8E1745D057A7983026CE2FB /* RoadAndDays.swift */; };
		A097095CD4CDBF71F38BA4DD /* WidgetSnapshot.swift in Sources */ = {isa = PBXBuildFile; fileRef = 4F707686257874AA7F9F534E /* WidgetSnapshot.swift */; };
		A55690E83A67069F5C80110E /* PlusJakartaSans-SemiBold.ttf in Resources */ = {isa = PBXBuildFile; fileRef = CD178EC5F2165362068BDAD3 /* PlusJakartaSans-SemiBold.ttf */; };
		A9DCD330191D652F1727F5A1 /* WorkoutView.swift in Sources */ = {isa = PBXBuildFile; fileRef = D27026A4D0EE3EB1C8F7A964 /* WorkoutView.swift */; };
		B1BC702596B4B30399C45EFE /* PlusJakartaSans-ExtraBold.ttf in Resources */ = {isa = PBXBuildFile; fileRef = B344B26272128321FBEB056B /* PlusJakartaSans-ExtraBold.ttf */; };
		B520DAA2F896DA1B9D00B63C /* FlexFitWatch.app in Embed Watch Content */ = {isa = PBXBuildFile; fileRef = 7C45EB628C4DB9177ECA6D08 /* FlexFitWatch.app */; settings = {ATTRIBUTES = (RemoveHeadersOnCopy, ); }; };
		BC505F7D4A18056E78920262 /* Assets.xcassets in Resources */ = {isa = PBXBuildFile; fileRef = 99167C14D606648373727810 /* Assets.xcassets */; };
		C2EAF3BB0D4D02734A4CD8E9 /* FoodScannerView.swift in Sources */ = {isa = PBXBuildFile; fileRef = 045238FACD5ADA40ADCA8503 /* FoodScannerView.swift */; };
		C36A1C126BDD0377AD6D0EE6 /* WatchTheme.swift in Sources */ = {isa = PBXBuildFile; fileRef = 8A32A07315118D6202A286EC /* WatchTheme.swift */; };
		C856326A84E602082FDE2998 /* FoodDetailsView.swift in Sources */ = {isa = PBXBuildFile; fileRef = 3B565EE97A02C972C376B7B7 /* FoodDetailsView.swift */; };
		CACC8C24A45F8BEB2B86A2BC /* PlusJakartaSans-Medium.ttf in Resources */ = {isa = PBXBuildFile; fileRef = 9D064DE0FFDB27B579DB2C3E /* PlusJakartaSans-Medium.ttf */; };
		CF61299F166C6525B72FE164 /* DesignTokens.swift in Sources */ = {isa = PBXBuildFile; fileRef = 6F3055FFD42860FE10325647 /* DesignTokens.swift */; };
		D1C293FE44D851A4BE64151B /* PrivacyInfo.xcprivacy in Resources */ = {isa = PBXBuildFile; fileRef = 966070CDB160F3E1FF244CCF /* PrivacyInfo.xcprivacy */; };
		D1F9AC814C941F49DCD94C9D /* GroceryView.swift in Sources */ = {isa = PBXBuildFile; fileRef = 083D30FD0DBC3C8AB171BF92 /* GroceryView.swift */; };
		D4FF7CE6D108A581E5F542EB /* DesignTokens.swift in Sources */ = {isa = PBXBuildFile; fileRef = 6F3055FFD42860FE10325647 /* DesignTokens.swift */; };
		DA8FE7CBEFD4F57CF8CBD621 /* WatchPayload.swift in Sources */ = {isa = PBXBuildFile; fileRef = FCAAEA9319DBF622DD05990C /* WatchPayload.swift */; };
		E0A0B1D34F9058D6158D82CC /* OnboardingFlow.swift in Sources */ = {isa = PBXBuildFile; fileRef = 2B12283F57E4B38ECA9D774F /* OnboardingFlow.swift */; };
		E44266BC07558856D8C114D8 /* WatchSync.swift in Sources */ = {isa = PBXBuildFile; fileRef = 77EC667CEDF84286F4ABC20A /* WatchSync.swift */; };
		E5B8FEAE8F088611ABDDE343 /* PlusJakartaSans-Regular.ttf in Resources */ = {isa = PBXBuildFile; fileRef = 0B5A3242CD260488ACC09FA2 /* PlusJakartaSans-Regular.ttf */; };
		E63AFA867514A5121C5297F4 /* Labels.swift in Sources */ = {isa = PBXBuildFile; fileRef = 021B178EE4264D6FED7AA019 /* Labels.swift */; };
		E67B23311D2797D6DB4D9327 /* Reminders.swift in Sources */ = {isa = PBXBuildFile; fileRef = 953AE17B1B1C15A5511B5494 /* Reminders.swift */; };
		E8B6A4DAB6DF548718DABD21 /* PlusJakartaSans-ExtraBold.ttf in Resources */ = {isa = PBXBuildFile; fileRef = B344B26272128321FBEB056B /* PlusJakartaSans-ExtraBold.ttf */; };
		EB22DE26118CE8CF89FCCF20 /* PlusJakartaSans-Regular.ttf in Resources */ = {isa = PBXBuildFile; fileRef = 0B5A3242CD260488ACC09FA2 /* PlusJakartaSans-Regular.ttf */; };
		EB5CB6DCC9D280E1A0933D93 /* ScanServices.swift in Sources */ = {isa = PBXBuildFile; fileRef = 744F804F1ABA7725F8BD8E8B /* ScanServices.swift */; };
		EFAEF54DBCE54C6558E545DD /* WizardView.swift in Sources */ = {isa = PBXBuildFile; fileRef = E43611D1D53C5019AC7BE40C /* WizardView.swift */; };
		F208F9937B7776640A45A1E1 /* Schema.swift in Sources */ = {isa = PBXBuildFile; fileRef = 3BB0EEB6F0791E7BBE22B2C3 /* Schema.swift */; };
		F2B554DC7040E9B3ED63E262 /* BuildingView.swift in Sources */ = {isa = PBXBuildFile; fileRef = 72210B436C2AFD24E32EF575 /* BuildingView.swift */; };
		F40255F6EC3C07EB4D6544F4 /* IntroView.swift in Sources */ = {isa = PBXBuildFile; fileRef = 87FECA0E4F3289209780AEBA /* IntroView.swift */; };
		F4633202A733B71777E902DF /* OFL.txt in Resources */ = {isa = PBXBuildFile; fileRef = EC1EFD33521403541F3E4344 /* OFL.txt */; };
		F6430CC3350FB13134397012 /* CoachText.swift in Sources */ = {isa = PBXBuildFile; fileRef = 9A313FA9A82F51A0B219E976 /* CoachText.swift */; };
		FA2DD9B5D47B8B416DCFBE0F /* PlusJakartaSans-SemiBold.ttf in Resources */ = {isa = PBXBuildFile; fileRef = CD178EC5F2165362068BDAD3 /* PlusJakartaSans-SemiBold.ttf */; };
		FAA795B57331E654EF2C0DFD /* WidgetSnapshot.swift in Sources */ = {isa = PBXBuildFile; fileRef = 4F707686257874AA7F9F534E /* WidgetSnapshot.swift */; };
		FAAED40322343CA5D5C6EE05 /* PathView.swift in Sources */ = {isa = PBXBuildFile; fileRef = 061332175FD25A3E3FE08E17 /* PathView.swift */; };
		FD5A4516E1341915DFC999EA /* MockTabBar.swift in Sources */ = {isa = PBXBuildFile; fileRef = 8FFECFE0F07E3322488DFA93 /* MockTabBar.swift */; };
		FEB414F844E06617C773C4B3 /* WatchPayload.swift in Sources */ = {isa = PBXBuildFile; fileRef = FCAAEA9319DBF622DD05990C /* WatchPayload.swift */; };
/* End PBXBuildFile section */

/* Begin PBXContainerItemProxy section */
		127376C3DB536DF0E217CBA7 /* PBXContainerItemProxy */ = {
			isa = PBXContainerItemProxy;
			containerPortal = AD3E5C8E6F6FEE0AC9C5D550 /* Project object */;
			proxyType = 1;
			remoteGlobalIDString = 31B9DDDDCE176C98694536DD;
			remoteInfo = FlexFitWidgets;
		};
		F0BEF76F573B14C37D3BC168 /* PBXContainerItemProxy */ = {
			isa = PBXContainerItemProxy;
			containerPortal = AD3E5C8E6F6FEE0AC9C5D550 /* Project object */;
			proxyType = 1;
			remoteGlobalIDString = 7B6651A36494C9F6E9759137;
			remoteInfo = FlexFitWatch;
		};
/* End PBXContainerItemProxy section */

/* Begin PBXCopyFilesBuildPhase section */
		E19C5E80D1846E25F8E47156 /* Embed Watch Content */ = {
			isa = PBXCopyFilesBuildPhase;
			buildActionMask = 2147483647;
			dstPath = "$(CONTENTS_FOLDER_PATH)/Watch";
			dstSubfolderSpec = 16;
			files = (
				B520DAA2F896DA1B9D00B63C /* FlexFitWatch.app in Embed Watch Content */,
			);
			name = "Embed Watch Content";
			runOnlyForDeploymentPostprocessing = 0;
		};
		ECCD3A7C340EF67ACFE194D3 /* Embed Foundation Extensions */ = {
			isa = PBXCopyFilesBuildPhase;
			buildActionMask = 2147483647;
			dstPath = "";
			dstSubfolderSpec = 13;
			files = (
				2915FA92EE6711B16745B35B /* FlexFitWidgets.appex in Embed Foundation Extensions */,
			);
			name = "Embed Foundation Extensions";
			runOnlyForDeploymentPostprocessing = 0;
		};
/* End PBXCopyFilesBuildPhase section */

/* Begin PBXFileReference section */
		021B178EE4264D6FED7AA019 /* Labels.swift */ = {isa = PBXFileReference; lastKnownFileType = sourcecode.swift; path = Labels.swift; sourceTree = "<group>"; };
		02A48BEFB13249F47C8E0D02 /* TargetsUpkeep.swift */ = {isa = PBXFileReference; lastKnownFileType = sourcecode.swift; path = TargetsUpkeep.swift; sourceTree = "<group>"; };
		045238FACD5ADA40ADCA8503 /* FoodScannerView.swift */ = {isa = PBXFileReference; lastKnownFileType = sourcecode.swift; path = FoodScannerView.swift; sourceTree = "<group>"; };
		061332175FD25A3E3FE08E17 /* PathView.swift */ = {isa = PBXFileReference; lastKnownFileType = sourcecode.swift; path = PathView.swift; sourceTree = "<group>"; };
		083D30FD0DBC3C8AB171BF92 /* GroceryView.swift */ = {isa = PBXFileReference; lastKnownFileType = sourcecode.swift; path = GroceryView.swift; sourceTree = "<group>"; };
		0B5A3242CD260488ACC09FA2 /* PlusJakartaSans-Regular.ttf */ = {isa = PBXFileReference; lastKnownFileType = file; path = "PlusJakartaSans-Regular.ttf"; sourceTree = "<group>"; };
		1448D532A2C19586D41DEC06 /* PlanReadyView.swift */ = {isa = PBXFileReference; lastKnownFileType = sourcecode.swift; path = PlanReadyView.swift; sourceTree = "<group>"; };
		212D1DC0A572FAE9A427DEF5 /* RootView.swift */ = {isa = PBXFileReference; lastKnownFileType = sourcecode.swift; path = RootView.swift; sourceTree = "<group>"; };
		299F3D8A98C5ED48E5CF3C8C /* MockChrome.swift */ = {isa = PBXFileReference; lastKnownFileType = sourcecode.swift; path = MockChrome.swift; sourceTree = "<group>"; };
		2B12283F57E4B38ECA9D774F /* OnboardingFlow.swift */ = {isa = PBXFileReference; lastKnownFileType = sourcecode.swift; path = OnboardingFlow.swift; sourceTree = "<group>"; };
		2B6C83EDD7050DCA664F2F90 /* HealthService.swift */ = {isa = PBXFileReference; lastKnownFileType = sourcecode.swift; path = HealthService.swift; sourceTree = "<group>"; };
		33D895B8AC170F2E7BFEC971 /* ExerciseLibrary.swift */ = {isa = PBXFileReference; lastKnownFileType = sourcecode.swift; path = ExerciseLibrary.swift; sourceTree = "<group>"; };
		34CA0F1ED404AC0A8916A40F /* BodyFigure.swift */ = {isa = PBXFileReference; lastKnownFileType = sourcecode.swift; path = BodyFigure.swift; sourceTree = "<group>"; };
		3B565EE97A02C972C376B7B7 /* FoodDetailsView.swift */ = {isa = PBXFileReference; lastKnownFileType = sourcecode.swift; path = FoodDetailsView.swift; sourceTree = "<group>"; };
		3BB0EEB6F0791E7BBE22B2C3 /* Schema.swift */ = {isa = PBXFileReference; lastKnownFileType = sourcecode.swift; path = Schema.swift; sourceTree = "<group>"; };
		43C15ECC659B71DC22022D64 /* MealPlanContext.swift */ = {isa = PBXFileReference; lastKnownFileType = sourcecode.swift; path = MealPlanContext.swift; sourceTree = "<group>"; };
		441C3CB6AF6725289250EE3F /* EatView.swift */ = {isa = PBXFileReference; lastKnownFileType = sourcecode.swift; path = EatView.swift; sourceTree = "<group>"; };
		4C7ADCC183B25E41B7F44BBD /* ProgressViews.swift */ = {isa = PBXFileReference; lastKnownFileType = sourcecode.swift; path = ProgressViews.swift; sourceTree = "<group>"; };
		4EB65212CC71A46ADF0E587A /* TodayView.swift */ = {isa = PBXFileReference; lastKnownFileType = sourcecode.swift; path = TodayView.swift; sourceTree = "<group>"; };
		4F707686257874AA7F9F534E /* WidgetSnapshot.swift */ = {isa = PBXFileReference; lastKnownFileType = sourcecode.swift; path = WidgetSnapshot.swift; sourceTree = "<group>"; };
		52AB90510968BA28DD217767 /* DebugLaunch.swift */ = {isa = PBXFileReference; lastKnownFileType = sourcecode.swift; path = DebugLaunch.swift; sourceTree = "<group>"; };
		5379207C4CC1DC32084BA37D /* AppRouter.swift */ = {isa = PBXFileReference; lastKnownFileType = sourcecode.swift; path = AppRouter.swift; sourceTree = "<group>"; };
		5E8D5ED6AD38164124121C27 /* Debug.xcconfig */ = {isa = PBXFileReference; lastKnownFileType = text.xcconfig; path = Debug.xcconfig; sourceTree = "<group>"; };
		6F3055FFD42860FE10325647 /* DesignTokens.swift */ = {isa = PBXFileReference; lastKnownFileType = sourcecode.swift; path = DesignTokens.swift; sourceTree = "<group>"; };
		72210B436C2AFD24E32EF575 /* BuildingView.swift */ = {isa = PBXFileReference; lastKnownFileType = sourcecode.swift; path = BuildingView.swift; sourceTree = "<group>"; };
		744F804F1ABA7725F8BD8E8B /* ScanServices.swift */ = {isa = PBXFileReference; lastKnownFileType = sourcecode.swift; path = ScanServices.swift; sourceTree = "<group>"; };
		77EC667CEDF84286F4ABC20A /* WatchSync.swift */ = {isa = PBXFileReference; lastKnownFileType = sourcecode.swift; path = WatchSync.swift; sourceTree = "<group>"; };
		7C45EB628C4DB9177ECA6D08 /* FlexFitWatch.app */ = {isa = PBXFileReference; explicitFileType = wrapper.application; includeInIndex = 0; path = FlexFitWatch.app; sourceTree = BUILT_PRODUCTS_DIR; };
		7DEFD7B7BF6FC2BE8CBA44DC /* TrainView.swift */ = {isa = PBXFileReference; lastKnownFileType = sourcecode.swift; path = TrainView.swift; sourceTree = "<group>"; };
		84D234C2C2B000DCB10EAD88 /* WeighInSheet.swift */ = {isa = PBXFileReference; lastKnownFileType = sourcecode.swift; path = WeighInSheet.swift; sourceTree = "<group>"; };
		87FECA0E4F3289209780AEBA /* IntroView.swift */ = {isa = PBXFileReference; lastKnownFileType = sourcecode.swift; path = IntroView.swift; sourceTree = "<group>"; };
		8A32A07315118D6202A286EC /* WatchTheme.swift */ = {isa = PBXFileReference; lastKnownFileType = sourcecode.swift; path = WatchTheme.swift; sourceTree = "<group>"; };
		8F567DA0525F760EE3EAA414 /* Info.plist */ = {isa = PBXFileReference; lastKnownFileType = text.plist; path = Info.plist; sourceTree = "<group>"; };
		8FFECFE0F07E3322488DFA93 /* MockTabBar.swift */ = {isa = PBXFileReference; lastKnownFileType = sourcecode.swift; path = MockTabBar.swift; sourceTree = "<group>"; };
		9107581F9BCE843835DCAAA8 /* FlexFit.app */ = {isa = PBXFileReference; includeInIndex = 0; lastKnownFileType = wrapper.application; path = FlexFit.app; sourceTree = BUILT_PRODUCTS_DIR; };
		953AE17B1B1C15A5511B5494 /* Reminders.swift */ = {isa = PBXFileReference; lastKnownFileType = sourcecode.swift; path = Reminders.swift; sourceTree = "<group>"; };
		966070CDB160F3E1FF244CCF /* PrivacyInfo.xcprivacy */ = {isa = PBXFileReference; path = PrivacyInfo.xcprivacy; sourceTree = "<group>"; };
		99167C14D606648373727810 /* Assets.xcassets */ = {isa = PBXFileReference; lastKnownFileType = folder.assetcatalog; path = Assets.xcassets; sourceTree = "<group>"; };
		9A313FA9A82F51A0B219E976 /* CoachText.swift */ = {isa = PBXFileReference; lastKnownFileType = sourcecode.swift; path = CoachText.swift; sourceTree = "<group>"; };
		9D064DE0FFDB27B579DB2C3E /* PlusJakartaSans-Medium.ttf */ = {isa = PBXFileReference; lastKnownFileType = file; path = "PlusJakartaSans-Medium.ttf"; sourceTree = "<group>"; };
		A18078734DAFAE78B39BBA9A /* LegalPage.swift */ = {isa = PBXFileReference; lastKnownFileType = sourcecode.swift; path = LegalPage.swift; sourceTree = "<group>"; };
		A4C881A91936EEA09A5BCC76 /* MealViews.swift */ = {isa = PBXFileReference; lastKnownFileType = sourcecode.swift; path = MealViews.swift; sourceTree = "<group>"; };
		B344B26272128321FBEB056B /* PlusJakartaSans-ExtraBold.ttf */ = {isa = PBXFileReference; lastKnownFileType = file; path = "PlusJakartaSans-ExtraBold.ttf"; sourceTree = "<group>"; };
		B5DA19983009626E575050E3 /* FlexFitApp.swift */ = {isa = PBXFileReference; lastKnownFileType = sourcecode.swift; path = FlexFitApp.swift; sourceTree = "<group>"; };
		B8E1745D057A7983026CE2FB /* RoadAndDays.swift */ = {isa = PBXFileReference; lastKnownFileType = sourcecode.swift; path = RoadAndDays.swift; sourceTree = "<group>"; };
		BDE244EABAB27E55AD05A15B /* FlexFitWatchApp.swift */ = {isa = PBXFileReference; lastKnownFileType = sourcecode.swift; path = FlexFitWatchApp.swift; sourceTree = "<group>"; };
		BFA2DB5D273E519402662ADE /* Controls.swift */ = {isa = PBXFileReference; lastKnownFileType = sourcecode.swift; path = Controls.swift; sourceTree = "<group>"; };
		C1BA482AA556BE8A397B8372 /* PlanResolver.swift */ = {isa = PBXFileReference; lastKnownFileType = sourcecode.swift; path = PlanResolver.swift; sourceTree = "<group>"; };
		C35435FF3ECD8F799B64EE0D /* FlexFitWidgets.appex */ = {isa = PBXFileReference; includeInIndex = 0; lastKnownFileType = "wrapper.app-extension"; path = FlexFitWidgets.appex; sourceTree = BUILT_PRODUCTS_DIR; };
		C660C257864812C7BAC0EE0C /* PaywallView.swift */ = {isa = PBXFileReference; lastKnownFileType = sourcecode.swift; path = PaywallView.swift; sourceTree = "<group>"; };
		CB2E929DD88823CD57EB831D /* FlexFit.entitlements */ = {isa = PBXFileReference; lastKnownFileType = text.plist.entitlements; path = FlexFit.entitlements; sourceTree = "<group>"; };
		CD178EC5F2165362068BDAD3 /* PlusJakartaSans-SemiBold.ttf */ = {isa = PBXFileReference; lastKnownFileType = file; path = "PlusJakartaSans-SemiBold.ttf"; sourceTree = "<group>"; };
		D1E50B85B5EFD34245E91357 /* SwapSheet.swift */ = {isa = PBXFileReference; lastKnownFileType = sourcecode.swift; path = SwapSheet.swift; sourceTree = "<group>"; };
		D27026A4D0EE3EB1C8F7A964 /* WorkoutView.swift */ = {isa = PBXFileReference; lastKnownFileType = sourcecode.swift; path = WorkoutView.swift; sourceTree = "<group>"; };
		D76AFFB8763AC53408C9A83C /* SettingsView.swift */ = {isa = PBXFileReference; lastKnownFileType = sourcecode.swift; path = SettingsView.swift; sourceTree = "<group>"; };
		DD80EB9503FC4DD0BD43F9A2 /* Entitlements.swift */ = {isa = PBXFileReference; lastKnownFileType = sourcecode.swift; path = Entitlements.swift; sourceTree = "<group>"; };
		DEE552A8017C7561415DB1CB /* SessionViews.swift */ = {isa = PBXFileReference; lastKnownFileType = sourcecode.swift; path = SessionViews.swift; sourceTree = "<group>"; };
		DFD49026F8EC1CB5C706DD4B /* FlexFitWidgets.entitlements */ = {isa = PBXFileReference; lastKnownFileType = text.plist.entitlements; path = FlexFitWidgets.entitlements; sourceTree = "<group>"; };
		E43611D1D53C5019AC7BE40C /* WizardView.swift */ = {isa = PBXFileReference; lastKnownFileType = sourcecode.swift; path = WizardView.swift; sourceTree = "<group>"; };
		E624E2FD08A7E90A45EF47BD /* AdaptSheet.swift */ = {isa = PBXFileReference; lastKnownFileType = sourcecode.swift; path = AdaptSheet.swift; sourceTree = "<group>"; };
		E94D867AE3A7FE5323F922BC /* FlexFitEngine */ = {isa = PBXFileReference; lastKnownFileType = folder; name = FlexFitEngine; path = Packages/FlexFitEngine; sourceTree = SOURCE_ROOT; };
		E9506EE4FD3888C933414077 /* PlusJakartaSans-Bold.ttf */ = {isa = PBXFileReference; lastKnownFileType = file; path = "PlusJakartaSans-Bold.ttf"; sourceTree = "<group>"; };
		EC1EFD33521403541F3E4344 /* OFL.txt */ = {isa = PBXFileReference; lastKnownFileType = text; path = OFL.txt; sourceTree = "<group>"; };
		F21784056B85AB72E023F29C /* OnboardingDraft.swift */ = {isa = PBXFileReference; lastKnownFileType = sourcecode.swift; path = OnboardingDraft.swift; sourceTree = "<group>"; };
		F51C1524098F56B85D2C7D66 /* FoodEntryRow.swift */ = {isa = PBXFileReference; lastKnownFileType = sourcecode.swift; path = FoodEntryRow.swift; sourceTree = "<group>"; };
		F873368EE8983679C9EF1505 /* Info.plist */ = {isa = PBXFileReference; lastKnownFileType = text.plist; path = Info.plist; sourceTree = "<group>"; };
		F8E7FD5CC32E31E963BBBCC3 /* StoreService.swift */ = {isa = PBXFileReference; lastKnownFileType = sourcecode.swift; path = StoreService.swift; sourceTree = "<group>"; };
		FCAAEA9319DBF622DD05990C /* WatchPayload.swift */ = {isa = PBXFileReference; lastKnownFileType = sourcecode.swift; path = WatchPayload.swift; sourceTree = "<group>"; };
		FCF19C91501D2C123504332A /* FontRegistration.swift */ = {isa = PBXFileReference; lastKnownFileType = sourcecode.swift; path = FontRegistration.swift; sourceTree = "<group>"; };
		FDC2ED8DBE3B3C6AA0BEADE2 /* Release.xcconfig */ = {isa = PBXFileReference; lastKnownFileType = text.xcconfig; path = Release.xcconfig; sourceTree = "<group>"; };
		FFBC0F702FEDCA6B2E81FFD5 /* FlexFitWidgets.swift */ = {isa = PBXFileReference; lastKnownFileType = sourcecode.swift; path = FlexFitWidgets.swift; sourceTree = "<group>"; };
/* End PBXFileReference section */

/* Begin PBXFrameworksBuildPhase section */
		8739B39B8F244377D4FDB120 /* Frameworks */ = {
			isa = PBXFrameworksBuildPhase;
			buildActionMask = 2147483647;
			files = (
				607E4391A37857E05F798995 /* FlexFitEngine in Frameworks */,
				847095BEA44C0C1E9B015E17 /* MuscleMap in Frameworks */,
			);
			runOnlyForDeploymentPostprocessing = 0;
		};
/* End PBXFrameworksBuildPhase section */

/* Begin PBXGroup section */
		1EB3A1E40D0F743ACA644C22 /* Settings */ = {
			isa = PBXGroup;
			children = (
				A18078734DAFAE78B39BBA9A /* LegalPage.swift */,
				D76AFFB8763AC53408C9A83C /* SettingsView.swift */,
			);
			path = Settings;
			sourceTree = "<group>";
		};
		1EB8EDAC44BC2C243FEFB1FB /* Path */ = {
			isa = PBXGroup;
			children = (
				061332175FD25A3E3FE08E17 /* PathView.swift */,
				B8E1745D057A7983026CE2FB /* RoadAndDays.swift */,
				84D234C2C2B000DCB10EAD88 /* WeighInSheet.swift */,
			);
			path = Path;
			sourceTree = "<group>";
		};
		202A24E2B677604537CAC609 /* Scan */ = {
			isa = PBXGroup;
			children = (
				3B565EE97A02C972C376B7B7 /* FoodDetailsView.swift */,
				045238FACD5ADA40ADCA8503 /* FoodScannerView.swift */,
				744F804F1ABA7725F8BD8E8B /* ScanServices.swift */,
			);
			path = Scan;
			sourceTree = "<group>";
		};
		2B25C36FDA74725B6EB6D5F4 /* Adapt */ = {
			isa = PBXGroup;
			children = (
				E624E2FD08A7E90A45EF47BD /* AdaptSheet.swift */,
			);
			path = Adapt;
			sourceTree = "<group>";
		};
		4EDEA01A720E5917B1AC30CF /* Theme */ = {
			isa = PBXGroup;
			children = (
				8A32A07315118D6202A286EC /* WatchTheme.swift */,
			);
			path = Theme;
			sourceTree = "<group>";
		};
		50A1397D8383BC2217AF09E3 /* FlexFit */ = {
			isa = PBXGroup;
			children = (
				CB2E929DD88823CD57EB831D /* FlexFit.entitlements */,
				F873368EE8983679C9EF1505 /* Info.plist */,
				966070CDB160F3E1FF244CCF /* PrivacyInfo.xcprivacy */,
				2B25C36FDA74725B6EB6D5F4 /* Adapt */,
				E795649DBB933CEAB6E8DF74 /* App */,
				EA1F7BB2F5A32A094F0D8814 /* Components */,
				ABD4BB8A0F93D80F26254098 /* Data */,
				5DBE489C01FC3D707AD0AB3D /* Eat */,
				EF8DB5B1033DDF5EAC488FD5 /* Gym */,
				7C133F6B7C7CB87D70F6AD0A /* Onboarding */,
				1EB8EDAC44BC2C243FEFB1FB /* Path */,
				C99A5427778851E6A0D64B35 /* Paywall */,
				B533A438D2FCD8156E46BE7D /* Resources */,
				202A24E2B677604537CAC609 /* Scan */,
				518733F8425D2200483E34D7 /* Services */,
				1EB3A1E40D0F743ACA644C22 /* Settings */,
				AD15994B155137C7A9B17199 /* Theme */,
				F4085E12E715DBEF588A02F5 /* Today */,
				5282697CAB330284C1DE4923 /* Train */,
				EC09D48C420E7FBB6D930BE6 /* Workout */,
			);
			path = FlexFit;
			sourceTree = "<group>";
		};
		518733F8425D2200483E34D7 /* Services */ = {
			isa = PBXGroup;
			children = (
				9A313FA9A82F51A0B219E976 /* CoachText.swift */,
				DD80EB9503FC4DD0BD43F9A2 /* Entitlements.swift */,
				2B6C83EDD7050DCA664F2F90 /* HealthService.swift */,
				953AE17B1B1C15A5511B5494 /* Reminders.swift */,
				F8E7FD5CC32E31E963BBBCC3 /* StoreService.swift */,
				02A48BEFB13249F47C8E0D02 /* TargetsUpkeep.swift */,
				77EC667CEDF84286F4ABC20A /* WatchSync.swift */,
			);
			path = Services;
			sourceTree = "<group>";
		};
		5282697CAB330284C1DE4923 /* Train */ = {
			isa = PBXGroup;
			children = (
				C1BA482AA556BE8A397B8372 /* PlanResolver.swift */,
				D1E50B85B5EFD34245E91357 /* SwapSheet.swift */,
				7DEFD7B7BF6FC2BE8CBA44DC /* TrainView.swift */,
			);
			path = Train;
			sourceTree = "<group>";
		};
		5512556FF3DB33E057725269 /* Products */ = {
			isa = PBXGroup;
			children = (
				9107581F9BCE843835DCAAA8 /* FlexFit.app */,
				7C45EB628C4DB9177ECA6D08 /* FlexFitWatch.app */,
				C35435FF3ECD8F799B64EE0D /* FlexFitWidgets.appex */,
			);
			name = Products;
			sourceTree = "<group>";
		};
		5DBE489C01FC3D707AD0AB3D /* Eat */ = {
			isa = PBXGroup;
			children = (
				441C3CB6AF6725289250EE3F /* EatView.swift */,
				F51C1524098F56B85D2C7D66 /* FoodEntryRow.swift */,
				083D30FD0DBC3C8AB171BF92 /* GroceryView.swift */,
				43C15ECC659B71DC22022D64 /* MealPlanContext.swift */,
				A4C881A91936EEA09A5BCC76 /* MealViews.swift */,
			);
			path = Eat;
			sourceTree = "<group>";
		};
		7525970F32DA4D63D54067B4 /* FlexFitWidgets */ = {
			isa = PBXGroup;
			children = (
				DFD49026F8EC1CB5C706DD4B /* FlexFitWidgets.entitlements */,
				FFBC0F702FEDCA6B2E81FFD5 /* FlexFitWidgets.swift */,
				FCF19C91501D2C123504332A /* FontRegistration.swift */,
				8F567DA0525F760EE3EAA414 /* Info.plist */,
			);
			path = FlexFitWidgets;
			sourceTree = "<group>";
		};
		7C133F6B7C7CB87D70F6AD0A /* Onboarding */ = {
			isa = PBXGroup;
			children = (
				72210B436C2AFD24E32EF575 /* BuildingView.swift */,
				87FECA0E4F3289209780AEBA /* IntroView.swift */,
				F21784056B85AB72E023F29C /* OnboardingDraft.swift */,
				2B12283F57E4B38ECA9D774F /* OnboardingFlow.swift */,
				1448D532A2C19586D41DEC06 /* PlanReadyView.swift */,
				E43611D1D53C5019AC7BE40C /* WizardView.swift */,
			);
			path = Onboarding;
			sourceTree = "<group>";
		};
		894B37687F72901C361EE29B /* Fonts */ = {
			isa = PBXGroup;
			children = (
				EC1EFD33521403541F3E4344 /* OFL.txt */,
				E9506EE4FD3888C933414077 /* PlusJakartaSans-Bold.ttf */,
				B344B26272128321FBEB056B /* PlusJakartaSans-ExtraBold.ttf */,
				9D064DE0FFDB27B579DB2C3E /* PlusJakartaSans-Medium.ttf */,
				0B5A3242CD260488ACC09FA2 /* PlusJakartaSans-Regular.ttf */,
				CD178EC5F2165362068BDAD3 /* PlusJakartaSans-SemiBold.ttf */,
			);
			path = Fonts;
			sourceTree = "<group>";
		};
		8AEAE5E1FA46E81D13D76558 /* Packages */ = {
			isa = PBXGroup;
			children = (
				E94D867AE3A7FE5323F922BC /* FlexFitEngine */,
			);
			path = Packages;
			sourceTree = "<group>";
		};
		A371934A3A16D7A6A7B2494D = {
			isa = PBXGroup;
			children = (
				B0FBB6FAD9E608D1DAEC9B54 /* Config */,
				50A1397D8383BC2217AF09E3 /* FlexFit */,
				B0058819F718D1AB5B59D77B /* FlexFitWatch */,
				7525970F32DA4D63D54067B4 /* FlexFitWidgets */,
				8AEAE5E1FA46E81D13D76558 /* Packages */,
				DF872FDDE13B35ABAE3C018A /* Shared */,
				5512556FF3DB33E057725269 /* Products */,
			);
			sourceTree = "<group>";
		};
		ABD4BB8A0F93D80F26254098 /* Data */ = {
			isa = PBXGroup;
			children = (
				52AB90510968BA28DD217767 /* DebugLaunch.swift */,
				3BB0EEB6F0791E7BBE22B2C3 /* Schema.swift */,
			);
			path = Data;
			sourceTree = "<group>";
		};
		AD15994B155137C7A9B17199 /* Theme */ = {
			isa = PBXGroup;
			children = (
				6F3055FFD42860FE10325647 /* DesignTokens.swift */,
			);
			path = Theme;
			sourceTree = "<group>";
		};
		B0058819F718D1AB5B59D77B /* FlexFitWatch */ = {
			isa = PBXGroup;
			children = (
				BDE244EABAB27E55AD05A15B /* FlexFitWatchApp.swift */,
				DEE552A8017C7561415DB1CB /* SessionViews.swift */,
				4EDEA01A720E5917B1AC30CF /* Theme */,
			);
			path = FlexFitWatch;
			sourceTree = "<group>";
		};
		B0FBB6FAD9E608D1DAEC9B54 /* Config */ = {
			isa = PBXGroup;
			children = (
				5E8D5ED6AD38164124121C27 /* Debug.xcconfig */,
				FDC2ED8DBE3B3C6AA0BEADE2 /* Release.xcconfig */,
			);
			path = Config;
			sourceTree = "<group>";
		};
		B533A438D2FCD8156E46BE7D /* Resources */ = {
			isa = PBXGroup;
			children = (
				99167C14D606648373727810 /* Assets.xcassets */,
				894B37687F72901C361EE29B /* Fonts */,
			);
			path = Resources;
			sourceTree = "<group>";
		};
		C99A5427778851E6A0D64B35 /* Paywall */ = {
			isa = PBXGroup;
			children = (
				C660C257864812C7BAC0EE0C /* PaywallView.swift */,
			);
			path = Paywall;
			sourceTree = "<group>";
		};
		DF872FDDE13B35ABAE3C018A /* Shared */ = {
			isa = PBXGroup;
			children = (
				FCAAEA9319DBF622DD05990C /* WatchPayload.swift */,
				4F707686257874AA7F9F534E /* WidgetSnapshot.swift */,
			);
			path = Shared;
			sourceTree = "<group>";
		};
		E795649DBB933CEAB6E8DF74 /* App */ = {
			isa = PBXGroup;
			children = (
				5379207C4CC1DC32084BA37D /* AppRouter.swift */,
				B5DA19983009626E575050E3 /* FlexFitApp.swift */,
				8FFECFE0F07E3322488DFA93 /* MockTabBar.swift */,
				212D1DC0A572FAE9A427DEF5 /* RootView.swift */,
			);
			path = App;
			sourceTree = "<group>";
		};
		EA1F7BB2F5A32A094F0D8814 /* Components */ = {
			isa = PBXGroup;
			children = (
				BFA2DB5D273E519402662ADE /* Controls.swift */,
				021B178EE4264D6FED7AA019 /* Labels.swift */,
				299F3D8A98C5ED48E5CF3C8C /* MockChrome.swift */,
			);
			path = Components;
			sourceTree = "<group>";
		};
		EC09D48C420E7FBB6D930BE6 /* Workout */ = {
			isa = PBXGroup;
			children = (
				D27026A4D0EE3EB1C8F7A964 /* WorkoutView.swift */,
			);
			path = Workout;
			sourceTree = "<group>";
		};
		EF8DB5B1033DDF5EAC488FD5 /* Gym */ = {
			isa = PBXGroup;
			children = (
				34CA0F1ED404AC0A8916A40F /* BodyFigure.swift */,
				33D895B8AC170F2E7BFEC971 /* ExerciseLibrary.swift */,
			);
			path = Gym;
			sourceTree = "<group>";
		};
		F4085E12E715DBEF588A02F5 /* Today */ = {
			isa = PBXGroup;
			children = (
				4C7ADCC183B25E41B7F44BBD /* ProgressViews.swift */,
				4EB65212CC71A46ADF0E587A /* TodayView.swift */,
			);
			path = Today;
			sourceTree = "<group>";
		};
/* End PBXGroup section */

/* Begin PBXNativeTarget section */
		31B9DDDDCE176C98694536DD /* FlexFitWidgets */ = {
			isa = PBXNativeTarget;
			buildConfigurationList = D65EDC6B92DC2436834223C5 /* Build configuration list for PBXNativeTarget "FlexFitWidgets" */;
			buildPhases = (
				FA20FF1F223FF37BDFA5CEE6 /* Sources */,
				CD762B43DD81C2CED2500AFC /* Resources */,
			);
			buildRules = (
			);
			dependencies = (
			);
			name = FlexFitWidgets;
			packageProductDependencies = (
			);
			productName = FlexFitWidgets;
			productReference = C35435FF3ECD8F799B64EE0D /* FlexFitWidgets.appex */;
			productType = "com.apple.product-type.app-extension";
		};
		7B6651A36494C9F6E9759137 /* FlexFitWatch */ = {
			isa = PBXNativeTarget;
			buildConfigurationList = 867B5A21E1B6DD5242DFEB3F /* Build configuration list for PBXNativeTarget "FlexFitWatch" */;
			buildPhases = (
				3C75ABDF2275B538BAE13D42 /* Sources */,
			);
			buildRules = (
			);
			dependencies = (
			);
			name = FlexFitWatch;
			packageProductDependencies = (
			);
			productName = FlexFitWatch;
			productReference = 7C45EB628C4DB9177ECA6D08 /* FlexFitWatch.app */;
			productType = "com.apple.product-type.application";
		};
		A25D89457C171DCCE24F0213 /* FlexFit */ = {
			isa = PBXNativeTarget;
			buildConfigurationList = 2651CE74324F6163A086882A /* Build configuration list for PBXNativeTarget "FlexFit" */;
			buildPhases = (
				7BE7E1C04208E0F6B85A4C1A /* Sources */,
				ACC5ACFE110E18A3A9AFC419 /* Resources */,
				8739B39B8F244377D4FDB120 /* Frameworks */,
				ECCD3A7C340EF67ACFE194D3 /* Embed Foundation Extensions */,
				E19C5E80D1846E25F8E47156 /* Embed Watch Content */,
			);
			buildRules = (
			);
			dependencies = (
				799D2224555DA9C514753EEC /* PBXTargetDependency */,
				947C06ACDC1F47F1C6180E73 /* PBXTargetDependency */,
			);
			name = FlexFit;
			packageProductDependencies = (
				EAEAE83B1E6D7491CAF4B090 /* FlexFitEngine */,
				9424E0162F85631750E60013 /* MuscleMap */,
			);
			productName = FlexFit;
			productReference = 9107581F9BCE843835DCAAA8 /* FlexFit.app */;
			productType = "com.apple.product-type.application";
		};
/* End PBXNativeTarget section */

/* Begin PBXProject section */
		AD3E5C8E6F6FEE0AC9C5D550 /* Project object */ = {
			isa = PBXProject;
			attributes = {
				BuildIndependentTargetsInParallel = YES;
				LastUpgradeCheck = 1430;
				TargetAttributes = {
					31B9DDDDCE176C98694536DD = {
						DevelopmentTeam = 8SY27AD3L4;
						ProvisioningStyle = Automatic;
					};
					7B6651A36494C9F6E9759137 = {
						DevelopmentTeam = 8SY27AD3L4;
						ProvisioningStyle = Automatic;
					};
					A25D89457C171DCCE24F0213 = {
						DevelopmentTeam = 8SY27AD3L4;
						ProvisioningStyle = Automatic;
					};
				};
			};
			buildConfigurationList = A71E43B4F60F3A8642CE45E9 /* Build configuration list for PBXProject "FlexFit" */;
			developmentRegion = en;
			hasScannedForEncodings = 0;
			knownRegions = (
				Base,
				en,
			);
			mainGroup = A371934A3A16D7A6A7B2494D;
			minimizedProjectReferenceProxies = 1;
			packageReferences = (
				69416B82B85BC13664132BDD /* XCRemoteSwiftPackageReference "MuscleMap" */,
				5F780FEA4C5293AC7BD2B091 /* XCLocalSwiftPackageReference "Packages/FlexFitEngine" */,
			);
			preferredProjectObjectVersion = 77;
			productRefGroup = 5512556FF3DB33E057725269 /* Products */;
			projectDirPath = "";
			projectRoot = "";
			targets = (
				A25D89457C171DCCE24F0213 /* FlexFit */,
				7B6651A36494C9F6E9759137 /* FlexFitWatch */,
				31B9DDDDCE176C98694536DD /* FlexFitWidgets */,
			);
		};
/* End PBXProject section */

/* Begin PBXResourcesBuildPhase section */
		ACC5ACFE110E18A3A9AFC419 /* Resources */ = {
			isa = PBXResourcesBuildPhase;
			buildActionMask = 2147483647;
			files = (
				BC505F7D4A18056E78920262 /* Assets.xcassets in Resources */,
				F4633202A733B71777E902DF /* OFL.txt in Resources */,
				3839DC01FD6605745F3D45EB /* PlusJakartaSans-Bold.ttf in Resources */,
				E8B6A4DAB6DF548718DABD21 /* PlusJakartaSans-ExtraBold.ttf in Resources */,
				1110D95B8ABAB7E1A7BD0517 /* PlusJakartaSans-Medium.ttf in Resources */,
				E5B8FEAE8F088611ABDDE343 /* PlusJakartaSans-Regular.ttf in Resources */,
				A55690E83A67069F5C80110E /* PlusJakartaSans-SemiBold.ttf in Resources */,
				D1C293FE44D851A4BE64151B /* PrivacyInfo.xcprivacy in Resources */,
			);
			runOnlyForDeploymentPostprocessing = 0;
		};
		CD762B43DD81C2CED2500AFC /* Resources */ = {
			isa = PBXResourcesBuildPhase;
			buildActionMask = 2147483647;
			files = (
				6672FCD2D55A0F9BF7FBC4B3 /* OFL.txt in Resources */,
				40140CEAE2B36E533A73D33F /* PlusJakartaSans-Bold.ttf in Resources */,
				B1BC702596B4B30399C45EFE /* PlusJakartaSans-ExtraBold.ttf in Resources */,
				CACC8C24A45F8BEB2B86A2BC /* PlusJakartaSans-Medium.ttf in Resources */,
				EB22DE26118CE8CF89FCCF20 /* PlusJakartaSans-Regular.ttf in Resources */,
				FA2DD9B5D47B8B416DCFBE0F /* PlusJakartaSans-SemiBold.ttf in Resources */,
			);
			runOnlyForDeploymentPostprocessing = 0;
		};
/* End PBXResourcesBuildPhase section */

/* Begin PBXSourcesBuildPhase section */
		3C75ABDF2275B538BAE13D42 /* Sources */ = {
			isa = PBXSourcesBuildPhase;
			buildActionMask = 2147483647;
			files = (
				09797B42081C75DD8111AC81 /* FlexFitWatchApp.swift in Sources */,
				53F9F6C39F7FB13CCB48C532 /* SessionViews.swift in Sources */,
				7E440F94641721C30C1CD0B8 /* WatchPayload.swift in Sources */,
				C36A1C126BDD0377AD6D0EE6 /* WatchTheme.swift in Sources */,
			);
			runOnlyForDeploymentPostprocessing = 0;
		};
		7BE7E1C04208E0F6B85A4C1A /* Sources */ = {
			isa = PBXSourcesBuildPhase;
			buildActionMask = 2147483647;
			files = (
				2507973FA4348DF7FC55D63F /* AdaptSheet.swift in Sources */,
				34A99CE97E53260FCB162FF8 /* AppRouter.swift in Sources */,
				2A828A4526D29BA228058DA5 /* BodyFigure.swift in Sources */,
				F2B554DC7040E9B3ED63E262 /* BuildingView.swift in Sources */,
				F6430CC3350FB13134397012 /* CoachText.swift in Sources */,
				51D6359ABC7713024096DFFA /* Controls.swift in Sources */,
				18689C3AA0A93C6358F7857D /* DebugLaunch.swift in Sources */,
				D4FF7CE6D108A581E5F542EB /* DesignTokens.swift in Sources */,
				111101559BFED2445F60C78C /* EatView.swift in Sources */,
				13AE1C3969B2497D1EDCF9B1 /* Entitlements.swift in Sources */,
				3596F4ECD17404DB96E08863 /* ExerciseLibrary.swift in Sources */,
				0C1403F4E879304A6772307B /* FlexFitApp.swift in Sources */,
				C856326A84E602082FDE2998 /* FoodDetailsView.swift in Sources */,
				1026118F121AB7213DA796B0 /* FoodEntryRow.swift in Sources */,
				C2EAF3BB0D4D02734A4CD8E9 /* FoodScannerView.swift in Sources */,
				D1F9AC814C941F49DCD94C9D /* GroceryView.swift in Sources */,
				1D73F238E85080919D55BF13 /* HealthService.swift in Sources */,
				F40255F6EC3C07EB4D6544F4 /* IntroView.swift in Sources */,
				E63AFA867514A5121C5297F4 /* Labels.swift in Sources */,
				32CADF1ADBF6DF971D41A316 /* LegalPage.swift in Sources */,
				0C088A3E170B2087CD85FFF8 /* MealPlanContext.swift in Sources */,
				8A8DF4FCD952E72D9247897E /* MealViews.swift in Sources */,
				66D7438BE2CEB6C890A7420C /* MockChrome.swift in Sources */,
				FD5A4516E1341915DFC999EA /* MockTabBar.swift in Sources */,
				52EA9B07BF806131FF94B0E0 /* OnboardingDraft.swift in Sources */,
				E0A0B1D34F9058D6158D82CC /* OnboardingFlow.swift in Sources */,
				FAAED40322343CA5D5C6EE05 /* PathView.swift in Sources */,
				53EF2A2BC5363334BE1B4EEE /* PaywallView.swift in Sources */,
				329CCD5395EFE752A24ADADC /* PlanReadyView.swift in Sources */,
				59CFD98A021C7C781BDED674 /* PlanResolver.swift in Sources */,
				45028A2771833727EC6745D5 /* ProgressViews.swift in Sources */,
				E67B23311D2797D6DB4D9327 /* Reminders.swift in Sources */,
				8C458478157B7C8C3E9DCBD7 /* RoadAndDays.swift in Sources */,
				59C21BCE89182BD84AEAB048 /* RootView.swift in Sources */,
				EB5CB6DCC9D280E1A0933D93 /* ScanServices.swift in Sources */,
				F208F9937B7776640A45A1E1 /* Schema.swift in Sources */,
				54E0944B4C4E17D43F63198C /* SettingsView.swift in Sources */,
				54B03DAD1002ED29B7B9EDA5 /* StoreService.swift in Sources */,
				7DD92D04CC33694A4AB6FC6E /* SwapSheet.swift in Sources */,
				6200FB36D835B41033BA4799 /* TargetsUpkeep.swift in Sources */,
				5B83A1F0D60AB8F44EA8F329 /* TodayView.swift in Sources */,
				2BD3FEBFDD7BDBE98D3A8F71 /* TrainView.swift in Sources */,
				FEB414F844E06617C773C4B3 /* WatchPayload.swift in Sources */,
				E44266BC07558856D8C114D8 /* WatchSync.swift in Sources */,
				621825F5C0BEE75A983248B6 /* WeighInSheet.swift in Sources */,
				A097095CD4CDBF71F38BA4DD /* WidgetSnapshot.swift in Sources */,
				EFAEF54DBCE54C6558E545DD /* WizardView.swift in Sources */,
				A9DCD330191D652F1727F5A1 /* WorkoutView.swift in Sources */,
			);
			runOnlyForDeploymentPostprocessing = 0;
		};
		FA20FF1F223FF37BDFA5CEE6 /* Sources */ = {
			isa = PBXSourcesBuildPhase;
			buildActionMask = 2147483647;
			files = (
				CF61299F166C6525B72FE164 /* DesignTokens.swift in Sources */,
				2D02E058C3F3872366017EB9 /* FlexFitWidgets.swift in Sources */,
				7795EDDA64F24CF5BE5F0009 /* FontRegistration.swift in Sources */,
				DA8FE7CBEFD4F57CF8CBD621 /* WatchPayload.swift in Sources */,
				FAA795B57331E654EF2C0DFD /* WidgetSnapshot.swift in Sources */,
			);
			runOnlyForDeploymentPostprocessing = 0;
		};
/* End PBXSourcesBuildPhase section */

/* Begin PBXTargetDependency section */
		799D2224555DA9C514753EEC /* PBXTargetDependency */ = {
			isa = PBXTargetDependency;
			target = 31B9DDDDCE176C98694536DD /* FlexFitWidgets */;
			targetProxy = 127376C3DB536DF0E217CBA7 /* PBXContainerItemProxy */;
		};
		947C06ACDC1F47F1C6180E73 /* PBXTargetDependency */ = {
			isa = PBXTargetDependency;
			target = 7B6651A36494C9F6E9759137 /* FlexFitWatch */;
			targetProxy = F0BEF76F573B14C37D3BC168 /* PBXContainerItemProxy */;
		};
/* End PBXTargetDependency section */

/* Begin XCBuildConfiguration section */
		10B0DB93A2EEDED7BA952327 /* Debug */ = {
			isa = XCBuildConfiguration;
			buildSettings = {
				ASSETCATALOG_COMPILER_APPICON_NAME = AppIcon;
				CODE_SIGN_STYLE = Automatic;
				GENERATE_INFOPLIST_FILE = YES;
				INFOPLIST_KEY_CFBundleDisplayName = FlexFit;
				INFOPLIST_KEY_WKApplication = YES;
				INFOPLIST_KEY_WKCompanionAppBundleIdentifier = com.ilabbs.flexfit;
				PRODUCT_BUNDLE_IDENTIFIER = com.ilabbs.flexfit.watchkitapp;
				PRODUCT_NAME = FlexFit;
				SDKROOT = watchos;
				SKIP_INSTALL = YES;
				SWIFT_VERSION = 6.0;
				TARGETED_DEVICE_FAMILY = 4;
				WATCHOS_DEPLOYMENT_TARGET = 10.0;
			};
			name = Debug;
		};
		12DC72F2EA88FC8B93255E89 /* Debug */ = {
			isa = XCBuildConfiguration;
			buildSettings = {
				ASSETCATALOG_COMPILER_APPICON_NAME = AppIcon;
				ASSETCATALOG_COMPILER_GLOBAL_ACCENT_COLOR_NAME = AccentColor;
				CODE_SIGN_ENTITLEMENTS = FlexFit/FlexFit.entitlements;
				CODE_SIGN_IDENTITY = "iPhone Developer";
				CODE_SIGN_STYLE = Automatic;
				ENABLE_PREVIEWS = YES;
				GENERATE_INFOPLIST_FILE = NO;
				INFOPLIST_FILE = FlexFit/Info.plist;
				LD_RUNPATH_SEARCH_PATHS = (
					"$(inherited)",
					"@executable_path/Frameworks",
				);
				PRODUCT_BUNDLE_IDENTIFIER = com.ilabbs.flexfit;
				PRODUCT_NAME = FlexFit;
				SDKROOT = iphoneos;
				SWIFT_VERSION = 6.0;
				TARGETED_DEVICE_FAMILY = "1,2";
			};
			name = Debug;
		};
		51A9BCDF11F9E5CA077466A2 /* Release */ = {
			isa = XCBuildConfiguration;
			buildSettings = {
				CODE_SIGN_ENTITLEMENTS = FlexFitWidgets/FlexFitWidgets.entitlements;
				CODE_SIGN_STYLE = Automatic;
				GENERATE_INFOPLIST_FILE = NO;
				INFOPLIST_FILE = FlexFitWidgets/Info.plist;
				LD_RUNPATH_SEARCH_PATHS = (
					"$(inherited)",
					"@executable_path/Frameworks",
					"@executable_path/../../Frameworks",
				);
				PRODUCT_BUNDLE_IDENTIFIER = com.ilabbs.flexfit.widgets;
				PRODUCT_NAME = FlexFitWidgets;
				SDKROOT = iphoneos;
				SKIP_INSTALL = YES;
				SWIFT_VERSION = 6.0;
				TARGETED_DEVICE_FAMILY = "1,2";
			};
			name = Release;
		};
		575197691A1FEEBD8ECD3E95 /* Debug */ = {
			isa = XCBuildConfiguration;
			buildSettings = {
				CODE_SIGN_ENTITLEMENTS = FlexFitWidgets/FlexFitWidgets.entitlements;
				CODE_SIGN_STYLE = Automatic;
				GENERATE_INFOPLIST_FILE = NO;
				INFOPLIST_FILE = FlexFitWidgets/Info.plist;
				LD_RUNPATH_SEARCH_PATHS = (
					"$(inherited)",
					"@executable_path/Frameworks",
					"@executable_path/../../Frameworks",
				);
				PRODUCT_BUNDLE_IDENTIFIER = com.ilabbs.flexfit.widgets;
				PRODUCT_NAME = FlexFitWidgets;
				SDKROOT = iphoneos;
				SKIP_INSTALL = YES;
				SWIFT_VERSION = 6.0;
				TARGETED_DEVICE_FAMILY = "1,2";
			};
			name = Debug;
		};
		999BBBC32DE7ED0295489F89 /* Debug */ = {
			isa = XCBuildConfiguration;
			baseConfigurationReference = 5E8D5ED6AD38164124121C27 /* Debug.xcconfig */;
			buildSettings = {
				ALWAYS_SEARCH_USER_PATHS = NO;
				CLANG_ANALYZER_NONNULL = YES;
				CLANG_ANALYZER_NUMBER_OBJECT_CONVERSION = YES_AGGRESSIVE;
				CLANG_CXX_LANGUAGE_STANDARD = "gnu++14";
				CLANG_CXX_LIBRARY = "libc++";
				CLANG_ENABLE_MODULES = YES;
				CLANG_ENABLE_OBJC_ARC = YES;
				CLANG_ENABLE_OBJC_WEAK = YES;
				CLANG_WARN_BLOCK_CAPTURE_AUTORELEASING = YES;
				CLANG_WARN_BOOL_CONVERSION = YES;
				CLANG_WARN_COMMA = YES;
				CLANG_WARN_CONSTANT_CONVERSION = YES;
				CLANG_WARN_DEPRECATED_OBJC_IMPLEMENTATIONS = YES;
				CLANG_WARN_DIRECT_OBJC_ISA_USAGE = YES_ERROR;
				CLANG_WARN_DOCUMENTATION_COMMENTS = YES;
				CLANG_WARN_EMPTY_BODY = YES;
				CLANG_WARN_ENUM_CONVERSION = YES;
				CLANG_WARN_INFINITE_RECURSION = YES;
				CLANG_WARN_INT_CONVERSION = YES;
				CLANG_WARN_NON_LITERAL_NULL_CONVERSION = YES;
				CLANG_WARN_OBJC_IMPLICIT_RETAIN_SELF = YES;
				CLANG_WARN_OBJC_LITERAL_CONVERSION = YES;
				CLANG_WARN_OBJC_ROOT_CLASS = YES_ERROR;
				CLANG_WARN_QUOTED_INCLUDE_IN_FRAMEWORK_HEADER = YES;
				CLANG_WARN_RANGE_LOOP_ANALYSIS = YES;
				CLANG_WARN_STRICT_PROTOTYPES = YES;
				CLANG_WARN_SUSPICIOUS_MOVE = YES;
				CLANG_WARN_UNGUARDED_AVAILABILITY = YES_AGGRESSIVE;
				CLANG_WARN_UNREACHABLE_CODE = YES;
				CLANG_WARN__DUPLICATE_METHOD_MATCH = YES;
				COPY_PHASE_STRIP = NO;
				DEBUG_INFORMATION_FORMAT = dwarf;
				ENABLE_STRICT_OBJC_MSGSEND = YES;
				ENABLE_TESTABILITY = YES;
				GCC_C_LANGUAGE_STANDARD = gnu11;
				GCC_DYNAMIC_NO_PIC = NO;
				GCC_NO_COMMON_BLOCKS = YES;
				GCC_OPTIMIZATION_LEVEL = 0;
				GCC_PREPROCESSOR_DEFINITIONS = (
					"$(inherited)",
					"DEBUG=1",
				);
				GCC_WARN_64_TO_32_BIT_CONVERSION = YES;
				GCC_WARN_ABOUT_RETURN_TYPE = YES_ERROR;
				GCC_WARN_UNDECLARED_SELECTOR = YES;
				GCC_WARN_UNINITIALIZED_AUTOS = YES_AGGRESSIVE;
				GCC_WARN_UNUSED_FUNCTION = YES;
				GCC_WARN_UNUSED_VARIABLE = YES;
				IPHONEOS_DEPLOYMENT_TARGET = 18.0;
				MTL_ENABLE_DEBUG_INFO = INCLUDE_SOURCE;
				MTL_FAST_MATH = YES;
				ONLY_ACTIVE_ARCH = YES;
				PRODUCT_NAME = "$(TARGET_NAME)";
				SWIFT_ACTIVE_COMPILATION_CONDITIONS = DEBUG;
				SWIFT_OPTIMIZATION_LEVEL = "-Onone";
				SWIFT_VERSION = 5.0;
			};
			name = Debug;
		};
		AD5225D5D605897CDE598C58 /* Release */ = {
			isa = XCBuildConfiguration;
			baseConfigurationReference = FDC2ED8DBE3B3C6AA0BEADE2 /* Release.xcconfig */;
			buildSettings = {
				ALWAYS_SEARCH_USER_PATHS = NO;
				CLANG_ANALYZER_NONNULL = YES;
				CLANG_ANALYZER_NUMBER_OBJECT_CONVERSION = YES_AGGRESSIVE;
				CLANG_CXX_LANGUAGE_STANDARD = "gnu++14";
				CLANG_CXX_LIBRARY = "libc++";
				CLANG_ENABLE_MODULES = YES;
				CLANG_ENABLE_OBJC_ARC = YES;
				CLANG_ENABLE_OBJC_WEAK = YES;
				CLANG_WARN_BLOCK_CAPTURE_AUTORELEASING = YES;
				CLANG_WARN_BOOL_CONVERSION = YES;
				CLANG_WARN_COMMA = YES;
				CLANG_WARN_CONSTANT_CONVERSION = YES;
				CLANG_WARN_DEPRECATED_OBJC_IMPLEMENTATIONS = YES;
				CLANG_WARN_DIRECT_OBJC_ISA_USAGE = YES_ERROR;
				CLANG_WARN_DOCUMENTATION_COMMENTS = YES;
				CLANG_WARN_EMPTY_BODY = YES;
				CLANG_WARN_ENUM_CONVERSION = YES;
				CLANG_WARN_INFINITE_RECURSION = YES;
				CLANG_WARN_INT_CONVERSION = YES;
				CLANG_WARN_NON_LITERAL_NULL_CONVERSION = YES;
				CLANG_WARN_OBJC_IMPLICIT_RETAIN_SELF = YES;
				CLANG_WARN_OBJC_LITERAL_CONVERSION = YES;
				CLANG_WARN_OBJC_ROOT_CLASS = YES_ERROR;
				CLANG_WARN_QUOTED_INCLUDE_IN_FRAMEWORK_HEADER = YES;
				CLANG_WARN_RANGE_LOOP_ANALYSIS = YES;
				CLANG_WARN_STRICT_PROTOTYPES = YES;
				CLANG_WARN_SUSPICIOUS_MOVE = YES;
				CLANG_WARN_UNGUARDED_AVAILABILITY = YES_AGGRESSIVE;
				CLANG_WARN_UNREACHABLE_CODE = YES;
				CLANG_WARN__DUPLICATE_METHOD_MATCH = YES;
				COPY_PHASE_STRIP = NO;
				DEBUG_INFORMATION_FORMAT = "dwarf-with-dsym";
				ENABLE_NS_ASSERTIONS = NO;
				ENABLE_STRICT_OBJC_MSGSEND = YES;
				GCC_C_LANGUAGE_STANDARD = gnu11;
				GCC_NO_COMMON_BLOCKS = YES;
				GCC_WARN_64_TO_32_BIT_CONVERSION = YES;
				GCC_WARN_ABOUT_RETURN_TYPE = YES_ERROR;
				GCC_WARN_UNDECLARED_SELECTOR = YES;
				GCC_WARN_UNINITIALIZED_AUTOS = YES_AGGRESSIVE;
				GCC_WARN_UNUSED_FUNCTION = YES;
				GCC_WARN_UNUSED_VARIABLE = YES;
				IPHONEOS_DEPLOYMENT_TARGET = 18.0;
				MTL_ENABLE_DEBUG_INFO = NO;
				MTL_FAST_MATH = YES;
				PRODUCT_NAME = "$(TARGET_NAME)";
				SWIFT_COMPILATION_MODE = wholemodule;
				SWIFT_OPTIMIZATION_LEVEL = "-O";
				SWIFT_VERSION = 5.0;
			};
			name = Release;
		};
		CA5CDCA43B3BB4A959C176EB /* Release */ = {
			isa = XCBuildConfiguration;
			buildSettings = {
				ASSETCATALOG_COMPILER_APPICON_NAME = AppIcon;
				ASSETCATALOG_COMPILER_GLOBAL_ACCENT_COLOR_NAME = AccentColor;
				CODE_SIGN_ENTITLEMENTS = FlexFit/FlexFit.entitlements;
				CODE_SIGN_IDENTITY = "iPhone Developer";
				CODE_SIGN_STYLE = Automatic;
				ENABLE_PREVIEWS = YES;
				GENERATE_INFOPLIST_FILE = NO;
				INFOPLIST_FILE = FlexFit/Info.plist;
				LD_RUNPATH_SEARCH_PATHS = (
					"$(inherited)",
					"@executable_path/Frameworks",
				);
				PRODUCT_BUNDLE_IDENTIFIER = com.ilabbs.flexfit;
				PRODUCT_NAME = FlexFit;
				SDKROOT = iphoneos;
				SWIFT_VERSION = 6.0;
				TARGETED_DEVICE_FAMILY = "1,2";
			};
			name = Release;
		};
		DD39A572DA6E5D3EDACFE0E5 /* Release */ = {
			isa = XCBuildConfiguration;
			buildSettings = {
				ASSETCATALOG_COMPILER_APPICON_NAME = AppIcon;
				CODE_SIGN_STYLE = Automatic;
				GENERATE_INFOPLIST_FILE = YES;
				INFOPLIST_KEY_CFBundleDisplayName = FlexFit;
				INFOPLIST_KEY_WKApplication = YES;
				INFOPLIST_KEY_WKCompanionAppBundleIdentifier = com.ilabbs.flexfit;
				PRODUCT_BUNDLE_IDENTIFIER = com.ilabbs.flexfit.watchkitapp;
				PRODUCT_NAME = FlexFit;
				SDKROOT = watchos;
				SKIP_INSTALL = YES;
				SWIFT_VERSION = 6.0;
				TARGETED_DEVICE_FAMILY = 4;
				WATCHOS_DEPLOYMENT_TARGET = 10.0;
			};
			name = Release;
		};
/* End XCBuildConfiguration section */

/* Begin XCConfigurationList section */
		2651CE74324F6163A086882A /* Build configuration list for PBXNativeTarget "FlexFit" */ = {
			isa = XCConfigurationList;
			buildConfigurations = (
				12DC72F2EA88FC8B93255E89 /* Debug */,
				CA5CDCA43B3BB4A959C176EB /* Release */,
			);
			defaultConfigurationIsVisible = 0;
			defaultConfigurationName = Debug;
		};
		867B5A21E1B6DD5242DFEB3F /* Build configuration list for PBXNativeTarget "FlexFitWatch" */ = {
			isa = XCConfigurationList;
			buildConfigurations = (
				10B0DB93A2EEDED7BA952327 /* Debug */,
				DD39A572DA6E5D3EDACFE0E5 /* Release */,
			);
			defaultConfigurationIsVisible = 0;
			defaultConfigurationName = Debug;
		};
		A71E43B4F60F3A8642CE45E9 /* Build configuration list for PBXProject "FlexFit" */ = {
			isa = XCConfigurationList;
			buildConfigurations = (
				999BBBC32DE7ED0295489F89 /* Debug */,
				AD5225D5D605897CDE598C58 /* Release */,
			);
			defaultConfigurationIsVisible = 0;
			defaultConfigurationName = Debug;
		};
		D65EDC6B92DC2436834223C5 /* Build configuration list for PBXNativeTarget "FlexFitWidgets" */ = {
			isa = XCConfigurationList;
			buildConfigurations = (
				575197691A1FEEBD8ECD3E95 /* Debug */,
				51A9BCDF11F9E5CA077466A2 /* Release */,
			);
			defaultConfigurationIsVisible = 0;
			defaultConfigurationName = Debug;
		};
/* End XCConfigurationList section */

/* Begin XCLocalSwiftPackageReference section */
		5F780FEA4C5293AC7BD2B091 /* XCLocalSwiftPackageReference "Packages/FlexFitEngine" */ = {
			isa = XCLocalSwiftPackageReference;
			relativePath = Packages/FlexFitEngine;
		};
/* End XCLocalSwiftPackageReference section */

/* Begin XCRemoteSwiftPackageReference section */
		69416B82B85BC13664132BDD /* XCRemoteSwiftPackageReference "MuscleMap" */ = {
			isa = XCRemoteSwiftPackageReference;
			repositoryURL = "https://github.com/melihcolpan/MuscleMap.git";
			requirement = {
				kind = exactVersion;
				version = 1.6.4;
			};
		};
/* End XCRemoteSwiftPackageReference section */

/* Begin XCSwiftPackageProductDependency section */
		9424E0162F85631750E60013 /* MuscleMap */ = {
			isa = XCSwiftPackageProductDependency;
			package = 69416B82B85BC13664132BDD /* XCRemoteSwiftPackageReference "MuscleMap" */;
			productName = MuscleMap;
		};
		EAEAE83B1E6D7491CAF4B090 /* FlexFitEngine */ = {
			isa = XCSwiftPackageProductDependency;
			productName = FlexFitEngine;
		};
/* End XCSwiftPackageProductDependency section */
	};
	rootObject = AD3E5C8E6F6FEE0AC9C5D550 /* Project object */;
}
